<?xml version="1.0" encoding="utf-8"?>
<Project ToolsVersion="4.0" xmlns="http://schemas.microsoft.com/developer/msbuild/2003">
  <ItemGroup>
    <ClCompile Include="Source\Bullet.cpp">
      <Filter>Source</Filter>
    </ClCompile>
    <ClCompile Include="Source\EndGameScreen.cpp">
      <Filter>Source</Filter>
    </ClCompile>
    <ClCompile Include="Source\Game.cpp">
      <Filter>Source</Filter>
    </ClCompile>
    <ClCompile Include="Source\KeyHandler.cpp">
      <Filter>Source</Filter>
    </ClCompile>
    <ClCompile Include="Source\main.cpp">
      <Filter>Source</Filter>
    </ClCompile>
    <ClCompile Include="Header\MainMenuScreen.cpp">
      <Filter>Source</Filter>
    </ClCompile>
    <ClCompile Include="Source\Platform.cpp">
      <Filter>Source</Filter>
    </ClCompile>
    <ClCompile Include="Source\Player.cpp">
      <Filter>Source</Filter>
    </ClCompile>
    <ClCompile Include="Source\SplashScreen.cpp">
      <Filter>Source</Filter>
    </ClCompile>
    <ClCompile Include="Source\Titlescreen.cpp">
      <Filter>Source</Filter>
    </ClCompile>
    <ClCompile Include="Source\WorldSelectScreen.cpp">
      <Filter>Source</Filter>
    </ClCompile>
    <ClCompile Include="Source\LevelLoader.cpp">
      <Filter>Source</Filter>
    </ClCompile>
  </ItemGroup>
  <ItemGroup>
    <ClInclude Include="Header\Bullet.h">
      <Filter>Header</Filter>
    </ClInclude>
    <ClInclude Include="Header\EndGameScreen.h">
      <Filter>Header</Filter>
    </ClInclude>
    <ClInclude Include="Header\Game.h">
      <Filter>Header</Filter>
    </ClInclude>
    <ClInclude Include="Header\KeyHandler.h">
      <Filter>Header</Filter>
    </ClInclude>
    <ClInclude Include="Header\MainMenuScreen.h">
      <Filter>Header</Filter>
    </ClInclude>
    <ClInclude Include="Header\Player.h">
      <Filter>Header</Filter>
    </ClInclude>
    <ClInclude Include="Header\splashscreen.h">
      <Filter>Header</Filter>
    </ClInclude>
    <ClInclude Include="Header\Titlescreen.h">
      <Filter>Header</Filter>
    </ClInclude>
    <ClInclude Include="Header\WorldSelectScreen.h">
      <Filter>Header</Filter>
    </ClInclude>
    <ClInclude Include="Header\LevelLoader.h">
      <Filter>Header</Filter>
    </ClInclude>
    <ClInclude Include="Header\Platform.h">
      <Filter>Header</Filter>
    </ClInclude>
  </ItemGroup>
  <ItemGroup>
    <Filter Include="Header">
      <UniqueIdentifier>{1a637f5e-31af-4045-9639-4c94083738b9}</UniqueIdentifier>
    </Filter>
    <Filter Include="Source">
      <UniqueIdentifier>{8b722eaa-43b2-41e7-812e-e2678da5e10c}</UniqueIdentifier>
    </Filter>
  </ItemGroup>
</Project>